# This file is autogenerated, do not edit; changes may be undone by the next 'dep ensure'.


[[projects]]
  branch = "master"
  digest = "1:a1426fea0c3e4b89bf62b6a53b1a5924cce885f0c98333d320056372edeb7735"
  name = "github.com/ahmetalpbalkan/go-cursor"
  packages = ["."]
  pruneopts = "UT"
  revision = "8136607ea412c5ae8b684cf60ae91f9b4127cae2"

[[projects]]
  digest = "1:094e04c4742b596bce4455eb535d4e4365016b44016db76f8593211406d77299"
  name = "github.com/kr/pty"
  packages = ["."]
  pruneopts = "UT"
  revision = "fa756f09eeb418bf1cc6268c66ceaad9bb98f598"
  version = "v1.1.2"

[[projects]]
  digest = "1:cdb899c199f907ac9fb50495ec71212c95cb5b0e0a8ee0800da0238036091033"
  name = "github.com/mattn/go-runewidth"
  packages = ["."]
  pruneopts = "UT"
  revision = "ce7b0b5c7b45a81508558cd1dba6bb1e4ddb51bb"
  version = "v0.0.3"

[[projects]]
  branch = "master"
  digest = "1:f335d800550786b6f51ddaedb9d1107a7a72f4a2195e5b039dd7c0e103e119bc"
  name = "github.com/nsf/termbox-go"
  packages = ["."]
  pruneopts = "UT"
  revision = "b66b20ab708e289ff1eb3e218478302e6aec28ce"

[[projects]]
  branch = "master"
  digest = "1:3f3a05ae0b95893d90b9b3b5afdb79a9b3d96e4e36e099d841ae602e4aca0da8"
  name = "golang.org/x/crypto"
  packages = ["ssh/terminal"]
  pruneopts = "UT"
  revision = "0e37d006457bf46f9e6692014ba72ef82c33022c"

[[projects]]
  branch = "master"
  digest = "1:374fc90fcb026e9a367e3fad29e988e5dd944b68ca3f24a184d77abc5307dda4"
  name = "golang.org/x/sys"
  packages = [
    "unix",
    "windows",
  ]
  pruneopts = "UT"
  revision = "d0be0721c37eeb5299f245a996a483160fc36940"

[solve-meta]
  analyzer-name = "dep"
  analyzer-version = 1
  input-imports = [
    "github.com/ahmetalpbalkan/go-cursor",
    "github.com/kr/pty",
    "github.com/nsf/termbox-go",
    "golang.org/x/crypto/ssh/terminal",
  ]
  solver-name = "gps-cdcl"
  solver-version = 1
